
Microsoft Visual Studio Solution File, Format Version 12.00
# Visual Studio Version 17
VisualStudioVersion = 17.14.36109.1 d17.14
MinimumVisualStudioVersion = 10.0.40219.1
Project("{FAE04EC0-301F-11D3-BF4B-00C04F79EFBC}") = "MapaConceptual-Marcos-", "MapaConceptual-Marcos-.csproj", "{A74FDC36-4B77-4F9B-B5D8-C0EB531BCE85}"
EndProject
Global
	GlobalSection(SolutionConfigurationPlatforms) = preSolution
		Debug|Any CPU = Debug|Any CPU
		Release|Any CPU = Release|Any CPU
	EndGlobalSection
	GlobalSection(ProjectConfigurationPlatforms) = postSolution
		{A74FDC36-4B77-4F9B-B5D8-C0EB531BCE85}.Debug|Any CPU.ActiveCfg = Debug|Any CPU
		{A74FDC36-4B77-4F9B-B5D8-C0EB531BCE85}.Debug|Any CPU.Build.0 = Debug|Any CPU
		{A74FDC36-4B77-4F9B-B5D8-C0EB531BCE85}.Release|Any CPU.ActiveCfg = Release|Any CPU
		{A74FDC36-4B77-4F9B-B5D8-C0EB531BCE85}.Release|Any CPU.Build.0 = Release|Any CPU
	EndGlobalSection
	GlobalSection(SolutionProperties) = preSolution
		HideSolutionNode = FALSE
	EndGlobalSection
	GlobalSection(ExtensibilityGlobals) = postSolution
		SolutionGuid = {2C60C171-631B-4287-942E-562A30DA7B58}
	EndGlobalSection
EndGlobal
